
Microsoft Visual Studio Solution File, Format Version 12.00
# Visual Studio Version 17
VisualStudioVersion = 17.7.34202.233
MinimumVisualStudioVersion = 10.0.40219.1
Project("{FAE04EC0-301F-11D3-BF4B-00C04F79EFBC}") = "WebTeste007", "WebTeste007\WebTeste007.csproj", "{38E34200-F763-4586-BF0D-A6B149B7D087}"
EndProject
Global
	GlobalSection(SolutionConfigurationPlatforms) = preSolution
		Debug|Any CPU = Debug|Any CPU
		Release|Any CPU = Release|Any CPU
	EndGlobalSection
	GlobalSection(ProjectConfigurationPlatforms) = postSolution
		{38E34200-F763-4586-BF0D-A6B149B7D087}.Debug|Any CPU.ActiveCfg = Debug|Any CPU
		{38E34200-F763-4586-BF0D-A6B149B7D087}.Debug|Any CPU.Build.0 = Debug|Any CPU
		{38E34200-F763-4586-BF0D-A6B149B7D087}.Release|Any CPU.ActiveCfg = Release|Any CPU
		{38E34200-F763-4586-BF0D-A6B149B7D087}.Release|Any CPU.Build.0 = Release|Any CPU
	EndGlobalSection
	GlobalSection(SolutionProperties) = preSolution
		HideSolutionNode = FALSE
	EndGlobalSection
	GlobalSection(ExtensibilityGlobals) = postSolution
		SolutionGuid = {5C6AE5F1-8B54-43CF-8500-B0A5B17A0CFC}
	EndGlobalSection
EndGlobal
